
Microsoft Visual Studio Solution File, Format Version 12.00
# Visual Studio Version 17
VisualStudioVersion = 17.5.33516.290
MinimumVisualStudioVersion = 10.0.40219.1
Project("{FAE04EC0-301F-11D3-BF4B-00C04F79EFBC}") = "wf3_FindNumber", "wf3_FindNumber\wf3_FindNumber.csproj", "{4FB94F2C-C8E9-4100-8AA7-3418FD9A3F34}"
EndProject
Global
	GlobalSection(SolutionConfigurationPlatforms) = preSolution
		Debug|Any CPU = Debug|Any CPU
		Release|Any CPU = Release|Any CPU
	EndGlobalSection
	GlobalSection(ProjectConfigurationPlatforms) = postSolution
		{4FB94F2C-C8E9-4100-8AA7-3418FD9A3F34}.Debug|Any CPU.ActiveCfg = Debug|Any CPU
		{4FB94F2C-C8E9-4100-8AA7-3418FD9A3F34}.Debug|Any CPU.Build.0 = Debug|Any CPU
		{4FB94F2C-C8E9-4100-8AA7-3418FD9A3F34}.Release|Any CPU.ActiveCfg = Release|Any CPU
		{4FB94F2C-C8E9-4100-8AA7-3418FD9A3F34}.Release|Any CPU.Build.0 = Release|Any CPU
	EndGlobalSection
	GlobalSection(SolutionProperties) = preSolution
		HideSolutionNode = FALSE
	EndGlobalSection
	GlobalSection(ExtensibilityGlobals) = postSolution
		SolutionGuid = {146C48ED-E840-4AB3-BD1E-88ED2A06CD53}
	EndGlobalSection
EndGlobal
